// !$*UTF8*$!
{
	archiveVersion = 1;
	classes = {
	};
	objectVersion = 56;
	objects = {

/* Begin PBXBuildFile section */
		0400A3232A233504000A6645 /* CinemaMovieCard.swift in Sources */ = {isa = PBXBuildFile; fileRef = 0400A3222A233504000A6645 /* CinemaMovieCard.swift */; };
		0400A3252A233546000A6645 /* CinemaViewModel.swift in Sources */ = {isa = PBXBuildFile; fileRef = 0400A3242A233546000A6645 /* CinemaViewModel.swift */; };
		040B21AD2A2363BF00C3B1B2 /* ContentView.swift in Sources */ = {isa = PBXBuildFile; fileRef = 040B21AC2A2363BF00C3B1B2 /* ContentView.swift */; };
		040B21AF2A2363C000C3B1B2 /* Assets.xcassets in Resources */ = {isa = PBXBuildFile; fileRef = 040B21AE2A2363C000C3B1B2 /* Assets.xcassets */; };
		040B21B22A2363C000C3B1B2 /* Preview Assets.xcassets in Resources */ = {isa = PBXBuildFile; fileRef = 040B21B12A2363C000C3B1B2 /* Preview Assets.xcassets */; };
		040B21B72A236A0700C3B1B2 /* Movie.swift in Sources */ = {isa = PBXBuildFile; fileRef = 04D181352A1EF543007989D8 /* Movie.swift */; };
		040B21B82A236A0700C3B1B2 /* MovieTime.swift in Sources */ = {isa = PBXBuildFile; fileRef = 0418F4A52A21D176006D5B50 /* MovieTime.swift */; };
		040B21B92A236A0700C3B1B2 /* movieData.json in Resources */ = {isa = PBXBuildFile; fileRef = 04D181392A1EF563007989D8 /* movieData.json */; };
		040B21BA2A236A0700C3B1B2 /* theaterMovieData.json in Resources */ = {isa = PBXBuildFile; fileRef = 0418F49B2A21AFD7006D5B50 /* theaterMovieData.json */; };
		040B21BB2A236A0700C3B1B2 /* timeData.json in Resources */ = {isa = PBXBuildFile; fileRef = 0418F49D2A21BEA2006D5B50 /* timeData.json */; };
		040B21BC2A236A0700C3B1B2 /* theaterData.json in Resources */ = {isa = PBXBuildFile; fileRef = 0418F4992A21ADB9006D5B50 /* theaterData.json */; };
		040B21BD2A236A0700C3B1B2 /* ModelData.swift in Sources */ = {isa = PBXBuildFile; fileRef = 04D181362A1EF543007989D8 /* ModelData.swift */; };
		040B21BE2A236A0700C3B1B2 /* TheaterMovie.swift in Sources */ = {isa = PBXBuildFile; fileRef = 0418F4A32A21D11C006D5B50 /* TheaterMovie.swift */; };
		040B21BF2A236A0700C3B1B2 /* Assets.xcassets in Resources */ = {isa = PBXBuildFile; fileRef = 04D1811D2A1EF43D007989D8 /* Assets.xcassets */; };
		040B21C02A236A0700C3B1B2 /* MovieHub3App.swift in Sources */ = {isa = PBXBuildFile; fileRef = 04D181192A1EF43C007989D8 /* MovieHub3App.swift */; };
		040B21C12A236A0700C3B1B2 /* Theater.swift in Sources */ = {isa = PBXBuildFile; fileRef = 0418F4A12A21D06F006D5B50 /* Theater.swift */; };
		040B21C22A236A2C00C3B1B2 /* MovieViewModel.swift in Sources */ = {isa = PBXBuildFile; fileRef = 04F09E7F2A20EF7400E8F263 /* MovieViewModel.swift */; };
		040B21C32A236A2C00C3B1B2 /* MovieDetailViewModel.swift in Sources */ = {isa = PBXBuildFile; fileRef = 04F09E822A2103E400E8F263 /* MovieDetailViewModel.swift */; };
		040B21C42A2374F000C3B1B2 /* MovieHub3.xcdatamodeld in Sources */ = {isa = PBXBuildFile; fileRef = 04D181242A1EF43D007989D8 /* MovieHub3.xcdatamodeld */; };
		040B21C92A2398A500C3B1B2 /* MovieList.swift in Sources */ = {isa = PBXBuildFile; fileRef = 04D1813B2A1EF579007989D8 /* MovieList.swift */; };
		040B21CA2A2398A500C3B1B2 /* MovieCard.swift in Sources */ = {isa = PBXBuildFile; fileRef = 04D1813C2A1EF579007989D8 /* MovieCard.swift */; };
		04153A402A22F87B00708974 /* ReviewCreate.swift in Sources */ = {isa = PBXBuildFile; fileRef = 04153A3F2A22F87B00708974 /* ReviewCreate.swift */; };
		0418F49A2A21ADB9006D5B50 /* theaterData.json in Resources */ = {isa = PBXBuildFile; fileRef = 0418F4992A21ADB9006D5B50 /* theaterData.json */; };
		0418F49C2A21AFD7006D5B50 /* theaterMovieData.json in Resources */ = {isa = PBXBuildFile; fileRef = 0418F49B2A21AFD7006D5B50 /* theaterMovieData.json */; };
		0418F49E2A21BEA2006D5B50 /* timeData.json in Resources */ = {isa = PBXBuildFile; fileRef = 0418F49D2A21BEA2006D5B50 /* timeData.json */; };
		0418F4A22A21D06F006D5B50 /* Theater.swift in Sources */ = {isa = PBXBuildFile; fileRef = 0418F4A12A21D06F006D5B50 /* Theater.swift */; };
		0418F4A42A21D11C006D5B50 /* TheaterMovie.swift in Sources */ = {isa = PBXBuildFile; fileRef = 0418F4A32A21D11C006D5B50 /* TheaterMovie.swift */; };
		0418F4A62A21D176006D5B50 /* MovieTime.swift in Sources */ = {isa = PBXBuildFile; fileRef = 0418F4A52A21D176006D5B50 /* MovieTime.swift */; };
		0420560E2A2A1D0600FF606F /* TicketViewModel.swift in Sources */ = {isa = PBXBuildFile; fileRef = BFAEC2212A29045500C6FA18 /* TicketViewModel.swift */; };
		0420560F2A2A1D0A00FF606F /* UserController.swift in Sources */ = {isa = PBXBuildFile; fileRef = 04D181472A1EF5A3007989D8 /* UserController.swift */; };
		042056102A2A1D3600FF606F /* User.swift in Sources */ = {isa = PBXBuildFile; fileRef = BFAEC2192A23C94200C6FA18 /* User.swift */; };
		042056122A2A1D4D00FF606F /* MovieDetail.swift in Sources */ = {isa = PBXBuildFile; fileRef = 042056112A2A1D4D00FF606F /* MovieDetail.swift */; };
		042056132A2A26C900FF606F /* Detail.swift in Sources */ = {isa = PBXBuildFile; fileRef = 04BDD1332A2045EA00C16D65 /* Detail.swift */; };
		042056142A2A27C600FF606F /* Showtime.swift in Sources */ = {isa = PBXBuildFile; fileRef = 04BDD1372A20460400C16D65 /* Showtime.swift */; };
		042056152A2A27CA00FF606F /* ShowtimeRow.swift in Sources */ = {isa = PBXBuildFile; fileRef = 04F09E7D2A20E1D700E8F263 /* ShowtimeRow.swift */; };
		042056162A2A283000FF606F /* Reviews.swift in Sources */ = {isa = PBXBuildFile; fileRef = 04BDD1352A2045F400C16D65 /* Reviews.swift */; };
		042056172A2A283500FF606F /* ReviewCreate.swift in Sources */ = {isa = PBXBuildFile; fileRef = 04153A3F2A22F87B00708974 /* ReviewCreate.swift */; };
		042056182A2A283800FF606F /* ReviewRow.swift in Sources */ = {isa = PBXBuildFile; fileRef = 04F09E7B2A20E09400E8F263 /* ReviewRow.swift */; };
		042056192A2A2F7600FF606F /* CinemaList.swift in Sources */ = {isa = PBXBuildFile; fileRef = 04F9A3162A24705E005EB938 /* CinemaList.swift */; };
		0420561A2A2A2F8900FF606F /* CinemaListViewModel.swift in Sources */ = {isa = PBXBuildFile; fileRef = 043ED2DC2A26F4E200A5A114 /* CinemaListViewModel.swift */; };
		0420561B2A2A2F9400FF606F /* CinemaRow.swift in Sources */ = {isa = PBXBuildFile; fileRef = 04F9A3182A247097005EB938 /* CinemaRow.swift */; };
		0420561C2A2A2FB400FF606F /* CinemaViewModel.swift in Sources */ = {isa = PBXBuildFile; fileRef = 0400A3242A233546000A6645 /* CinemaViewModel.swift */; };
		0420561E2A2A342D00FF606F /* MapView.swift in Sources */ = {isa = PBXBuildFile; fileRef = 04D181412A1EF588007989D8 /* MapView.swift */; };
		0420561F2A2A343100FF606F /* BuyTicketView.swift in Sources */ = {isa = PBXBuildFile; fileRef = 04F9A3122A235E36005EB938 /* BuyTicketView.swift */; };
		042056202A2A343B00FF606F /* CinemaMovieViewModel.swift in Sources */ = {isa = PBXBuildFile; fileRef = 04F9A3102A23515E005EB938 /* CinemaMovieViewModel.swift */; };
		042056212A2A343E00FF606F /* CinemaMovieCard.swift in Sources */ = {isa = PBXBuildFile; fileRef = 0400A3222A233504000A6645 /* CinemaMovieCard.swift */; };
		042056222A2A344900FF606F /* TicketConfirmationView.swift in Sources */ = {isa = PBXBuildFile; fileRef = 04F9A3142A23666A005EB938 /* TicketConfirmationView.swift */; };
		042056232A2A355B00FF606F /* userData.json in Resources */ = {isa = PBXBuildFile; fileRef = BFAEC2172A23C8CA00C6FA18 /* userData.json */; };
		042056252A2A41BF00FF606F /* CinemaDetail.swift in Sources */ = {isa = PBXBuildFile; fileRef = 042056242A2A41BF00FF606F /* CinemaDetail.swift */; };
		043ED2DD2A26F4E200A5A114 /* CinemaListViewModel.swift in Sources */ = {isa = PBXBuildFile; fileRef = 043ED2DC2A26F4E200A5A114 /* CinemaListViewModel.swift */; };
		04BDD1342A2045EA00C16D65 /* Detail.swift in Sources */ = {isa = PBXBuildFile; fileRef = 04BDD1332A2045EA00C16D65 /* Detail.swift */; };
		04BDD1362A2045F400C16D65 /* Reviews.swift in Sources */ = {isa = PBXBuildFile; fileRef = 04BDD1352A2045F400C16D65 /* Reviews.swift */; };
		04BDD1382A20460400C16D65 /* Showtime.swift in Sources */ = {isa = PBXBuildFile; fileRef = 04BDD1372A20460400C16D65 /* Showtime.swift */; };
		04D1811A2A1EF43C007989D8 /* MovieHub3App.swift in Sources */ = {isa = PBXBuildFile; fileRef = 04D181192A1EF43C007989D8 /* MovieHub3App.swift */; };
		04D1811C2A1EF43C007989D8 /* ContentView.swift in Sources */ = {isa = PBXBuildFile; fileRef = 04D1811B2A1EF43C007989D8 /* ContentView.swift */; };
		04D1811E2A1EF43D007989D8 /* Assets.xcassets in Resources */ = {isa = PBXBuildFile; fileRef = 04D1811D2A1EF43D007989D8 /* Assets.xcassets */; };
		04D181212A1EF43D007989D8 /* Preview Assets.xcassets in Resources */ = {isa = PBXBuildFile; fileRef = 04D181202A1EF43D007989D8 /* Preview Assets.xcassets */; };
		04D181262A1EF43D007989D8 /* MovieHub3.xcdatamodeld in Sources */ = {isa = PBXBuildFile; fileRef = 04D181242A1EF43D007989D8 /* MovieHub3.xcdatamodeld */; };
		04D181372A1EF543007989D8 /* Movie.swift in Sources */ = {isa = PBXBuildFile; fileRef = 04D181352A1EF543007989D8 /* Movie.swift */; };
		04D181382A1EF543007989D8 /* ModelData.swift in Sources */ = {isa = PBXBuildFile; fileRef = 04D181362A1EF543007989D8 /* ModelData.swift */; };
		04D1813A2A1EF563007989D8 /* movieData.json in Resources */ = {isa = PBXBuildFile; fileRef = 04D181392A1EF563007989D8 /* movieData.json */; };
		04D1813E2A1EF579007989D8 /* MovieList.swift in Sources */ = {isa = PBXBuildFile; fileRef = 04D1813B2A1EF579007989D8 /* MovieList.swift */; };
		04D1813F2A1EF579007989D8 /* MovieCard.swift in Sources */ = {isa = PBXBuildFile; fileRef = 04D1813C2A1EF579007989D8 /* MovieCard.swift */; };
		04D181402A1EF579007989D8 /* MovieDetail.swift in Sources */ = {isa = PBXBuildFile; fileRef = 04D1813D2A1EF579007989D8 /* MovieDetail.swift */; };
		04D181432A1EF588007989D8 /* MapView.swift in Sources */ = {isa = PBXBuildFile; fileRef = 04D181412A1EF588007989D8 /* MapView.swift */; };
		04D181442A1EF588007989D8 /* CinemaDetail.swift in Sources */ = {isa = PBXBuildFile; fileRef = 04D181422A1EF588007989D8 /* CinemaDetail.swift */; };
		04D181482A1EF5A3007989D8 /* MenuListView.swift in Sources */ = {isa = PBXBuildFile; fileRef = 04D181452A1EF5A3007989D8 /* MenuListView.swift */; };
		04D181492A1EF5A3007989D8 /* ProfileView.swift in Sources */ = {isa = PBXBuildFile; fileRef = 04D181462A1EF5A3007989D8 /* ProfileView.swift */; };
		04D1814A2A1EF5A3007989D8 /* UserController.swift in Sources */ = {isa = PBXBuildFile; fileRef = 04D181472A1EF5A3007989D8 /* UserController.swift */; };
		04D1814E2A1EF5AE007989D8 /* OnboardingView1.swift in Sources */ = {isa = PBXBuildFile; fileRef = 04D1814B2A1EF5AE007989D8 /* OnboardingView1.swift */; };
		04D1814F2A1EF5AE007989D8 /* OnboardingView3.swift in Sources */ = {isa = PBXBuildFile; fileRef = 04D1814C2A1EF5AE007989D8 /* OnboardingView3.swift */; };
		04D181502A1EF5AE007989D8 /* OnboardingView2.swift in Sources */ = {isa = PBXBuildFile; fileRef = 04D1814D2A1EF5AE007989D8 /* OnboardingView2.swift */; };
		04F09E7C2A20E09400E8F263 /* ReviewRow.swift in Sources */ = {isa = PBXBuildFile; fileRef = 04F09E7B2A20E09400E8F263 /* ReviewRow.swift */; };
		04F09E7E2A20E1D700E8F263 /* ShowtimeRow.swift in Sources */ = {isa = PBXBuildFile; fileRef = 04F09E7D2A20E1D700E8F263 /* ShowtimeRow.swift */; };
		04F09E802A20EF7400E8F263 /* MovieViewModel.swift in Sources */ = {isa = PBXBuildFile; fileRef = 04F09E7F2A20EF7400E8F263 /* MovieViewModel.swift */; };
		04F09E832A2103E400E8F263 /* MovieDetailViewModel.swift in Sources */ = {isa = PBXBuildFile; fileRef = 04F09E822A2103E400E8F263 /* MovieDetailViewModel.swift */; };
		04F9A3112A23515F005EB938 /* CinemaMovieViewModel.swift in Sources */ = {isa = PBXBuildFile; fileRef = 04F9A3102A23515E005EB938 /* CinemaMovieViewModel.swift */; };
		04F9A3132A235E36005EB938 /* BuyTicketView.swift in Sources */ = {isa = PBXBuildFile; fileRef = 04F9A3122A235E36005EB938 /* BuyTicketView.swift */; };
		04F9A3152A23666A005EB938 /* TicketConfirmationView.swift in Sources */ = {isa = PBXBuildFile; fileRef = 04F9A3142A23666A005EB938 /* TicketConfirmationView.swift */; };
		04F9A3172A24705E005EB938 /* CinemaList.swift in Sources */ = {isa = PBXBuildFile; fileRef = 04F9A3162A24705E005EB938 /* CinemaList.swift */; };
		04F9A3192A247097005EB938 /* CinemaRow.swift in Sources */ = {isa = PBXBuildFile; fileRef = 04F9A3182A247097005EB938 /* CinemaRow.swift */; };
		BF8DDC552A2B13B9008547BA /* ProfileView.swift in Sources */ = {isa = PBXBuildFile; fileRef = 04D181462A1EF5A3007989D8 /* ProfileView.swift */; };
		BF8DDC562A2B13C7008547BA /* MenuListView.swift in Sources */ = {isa = PBXBuildFile; fileRef = 04D181452A1EF5A3007989D8 /* MenuListView.swift */; };
		BF8DDC572A2B13CD008547BA /* AccountInformation.swift in Sources */ = {isa = PBXBuildFile; fileRef = BFAEC20D2A23C2A900C6FA18 /* AccountInformation.swift */; };
		BF8DDC582A2B13D0008547BA /* Transaction History.swift in Sources */ = {isa = PBXBuildFile; fileRef = BFAEC20F2A23C2B800C6FA18 /* Transaction History.swift */; };
		BF8DDC5A2A2B1437008547BA /* Reviews History.swift in Sources */ = {isa = PBXBuildFile; fileRef = BFAEC2112A23C2C700C6FA18 /* Reviews History.swift */; };
		BFAEC20E2A23C2A900C6FA18 /* AccountInformation.swift in Sources */ = {isa = PBXBuildFile; fileRef = BFAEC20D2A23C2A900C6FA18 /* AccountInformation.swift */; };
		BFAEC2102A23C2B800C6FA18 /* Transaction History.swift in Sources */ = {isa = PBXBuildFile; fileRef = BFAEC20F2A23C2B800C6FA18 /* Transaction History.swift */; };
		BFAEC2122A23C2C700C6FA18 /* Reviews History.swift in Sources */ = {isa = PBXBuildFile; fileRef = BFAEC2112A23C2C700C6FA18 /* Reviews History.swift */; };
		BFAEC2182A23C8CA00C6FA18 /* userData.json in Resources */ = {isa = PBXBuildFile; fileRef = BFAEC2172A23C8CA00C6FA18 /* userData.json */; };
		BFAEC21A2A23C94200C6FA18 /* User.swift in Sources */ = {isa = PBXBuildFile; fileRef = BFAEC2192A23C94200C6FA18 /* User.swift */; };
		BFAEC2222A29045500C6FA18 /* TicketViewModel.swift in Sources */ = {isa = PBXBuildFile; fileRef = BFAEC2212A29045500C6FA18 /* TicketViewModel.swift */; };
/* End PBXBuildFile section */

/* Begin PBXFileReference section */
		0400A3222A233504000A6645 /* CinemaMovieCard.swift */ = {isa = PBXFileReference; lastKnownFileType = sourcecode.swift; path = CinemaMovieCard.swift; sourceTree = "<group>"; };
		0400A3242A233546000A6645 /* CinemaViewModel.swift */ = {isa = PBXFileReference; lastKnownFileType = sourcecode.swift; path = CinemaViewModel.swift; sourceTree = "<group>"; };
		040B21A82A2363BF00C3B1B2 /* MacMovieHub3.app */ = {isa = PBXFileReference; explicitFileType = wrapper.application; includeInIndex = 0; path = MacMovieHub3.app; sourceTree = BUILT_PRODUCTS_DIR; };
		040B21AC2A2363BF00C3B1B2 /* ContentView.swift */ = {isa = PBXFileReference; lastKnownFileType = sourcecode.swift; path = ContentView.swift; sourceTree = "<group>"; };
		040B21AE2A2363C000C3B1B2 /* Assets.xcassets */ = {isa = PBXFileReference; lastKnownFileType = folder.assetcatalog; path = Assets.xcassets; sourceTree = "<group>"; };
		040B21B12A2363C000C3B1B2 /* Preview Assets.xcassets */ = {isa = PBXFileReference; lastKnownFileType = folder.assetcatalog; path = "Preview Assets.xcassets"; sourceTree = "<group>"; };
		040B21B32A2363C000C3B1B2 /* MacMovieHub3.entitlements */ = {isa = PBXFileReference; lastKnownFileType = text.plist.entitlements; path = MacMovieHub3.entitlements; sourceTree = "<group>"; };
		04153A3F2A22F87B00708974 /* ReviewCreate.swift */ = {isa = PBXFileReference; lastKnownFileType = sourcecode.swift; path = ReviewCreate.swift; sourceTree = "<group>"; };
		0418F4992A21ADB9006D5B50 /* theaterData.json */ = {isa = PBXFileReference; lastKnownFileType = text.json; path = theaterData.json; sourceTree = "<group>"; };
		0418F49B2A21AFD7006D5B50 /* theaterMovieData.json */ = {isa = PBXFileReference; lastKnownFileType = text.json; path = theaterMovieData.json; sourceTree = "<group>"; };
		0418F49D2A21BEA2006D5B50 /* timeData.json */ = {isa = PBXFileReference; lastKnownFileType = text.json; path = timeData.json; sourceTree = "<group>"; };
		0418F4A12A21D06F006D5B50 /* Theater.swift */ = {isa = PBXFileReference; lastKnownFileType = sourcecode.swift; path = Theater.swift; sourceTree = "<group>"; };
		0418F4A32A21D11C006D5B50 /* TheaterMovie.swift */ = {isa = PBXFileReference; lastKnownFileType = sourcecode.swift; path = TheaterMovie.swift; sourceTree = "<group>"; };
		0418F4A52A21D176006D5B50 /* MovieTime.swift */ = {isa = PBXFileReference; lastKnownFileType = sourcecode.swift; path = MovieTime.swift; sourceTree = "<group>"; };
		042056112A2A1D4D00FF606F /* MovieDetail.swift */ = {isa = PBXFileReference; lastKnownFileType = sourcecode.swift; path = MovieDetail.swift; sourceTree = "<group>"; tabWidth = 4; };
		042056242A2A41BF00FF606F /* CinemaDetail.swift */ = {isa = PBXFileReference; lastKnownFileType = sourcecode.swift; path = CinemaDetail.swift; sourceTree = "<group>"; };
		043ED2DC2A26F4E200A5A114 /* CinemaListViewModel.swift */ = {isa = PBXFileReference; lastKnownFileType = sourcecode.swift; path = CinemaListViewModel.swift; sourceTree = "<group>"; };
		04BDD1332A2045EA00C16D65 /* Detail.swift */ = {isa = PBXFileReference; lastKnownFileType = sourcecode.swift; path = Detail.swift; sourceTree = "<group>"; };
		04BDD1352A2045F400C16D65 /* Reviews.swift */ = {isa = PBXFileReference; lastKnownFileType = sourcecode.swift; path = Reviews.swift; sourceTree = "<group>"; };
		04BDD1372A20460400C16D65 /* Showtime.swift */ = {isa = PBXFileReference; lastKnownFileType = sourcecode.swift; path = Showtime.swift; sourceTree = "<group>"; };
		04D181162A1EF43C007989D8 /* MovieHub3.app */ = {isa = PBXFileReference; explicitFileType = wrapper.application; includeInIndex = 0; path = MovieHub3.app; sourceTree = BUILT_PRODUCTS_DIR; };
		04D181192A1EF43C007989D8 /* MovieHub3App.swift */ = {isa = PBXFileReference; lastKnownFileType = sourcecode.swift; path = MovieHub3App.swift; sourceTree = "<group>"; };
		04D1811B2A1EF43C007989D8 /* ContentView.swift */ = {isa = PBXFileReference; lastKnownFileType = sourcecode.swift; path = ContentView.swift; sourceTree = "<group>"; };
		04D1811D2A1EF43D007989D8 /* Assets.xcassets */ = {isa = PBXFileReference; lastKnownFileType = folder.assetcatalog; path = Assets.xcassets; sourceTree = "<group>"; };
		04D181202A1EF43D007989D8 /* Preview Assets.xcassets */ = {isa = PBXFileReference; lastKnownFileType = folder.assetcatalog; path = "Preview Assets.xcassets"; sourceTree = "<group>"; };
		04D181252A1EF43D007989D8 /* MovieHub3.xcdatamodel */ = {isa = PBXFileReference; lastKnownFileType = wrapper.xcdatamodel; path = MovieHub3.xcdatamodel; sourceTree = "<group>"; };
		04D181352A1EF543007989D8 /* Movie.swift */ = {isa = PBXFileReference; fileEncoding = 4; lastKnownFileType = sourcecode.swift; path = Movie.swift; sourceTree = "<group>"; };
		04D181362A1EF543007989D8 /* ModelData.swift */ = {isa = PBXFileReference; fileEncoding = 4; lastKnownFileType = sourcecode.swift; path = ModelData.swift; sourceTree = "<group>"; };
		04D181392A1EF563007989D8 /* movieData.json */ = {isa = PBXFileReference; fileEncoding = 4; lastKnownFileType = text.json; path = movieData.json; sourceTree = "<group>"; };
		04D1813B2A1EF579007989D8 /* MovieList.swift */ = {isa = PBXFileReference; fileEncoding = 4; lastKnownFileType = sourcecode.swift; path = MovieList.swift; sourceTree = "<group>"; };
		04D1813C2A1EF579007989D8 /* MovieCard.swift */ = {isa = PBXFileReference; fileEncoding = 4; lastKnownFileType = sourcecode.swift; path = MovieCard.swift; sourceTree = "<group>"; };
		04D1813D2A1EF579007989D8 /* MovieDetail.swift */ = {isa = PBXFileReference; fileEncoding = 4; lastKnownFileType = sourcecode.swift; path = MovieDetail.swift; sourceTree = "<group>"; };
		04D181412A1EF588007989D8 /* MapView.swift */ = {isa = PBXFileReference; fileEncoding = 4; lastKnownFileType = sourcecode.swift; path = MapView.swift; sourceTree = "<group>"; };
		04D181422A1EF588007989D8 /* CinemaDetail.swift */ = {isa = PBXFileReference; fileEncoding = 4; lastKnownFileType = sourcecode.swift; path = CinemaDetail.swift; sourceTree = "<group>"; };
		04D181452A1EF5A3007989D8 /* MenuListView.swift */ = {isa = PBXFileReference; fileEncoding = 4; lastKnownFileType = sourcecode.swift; path = MenuListView.swift; sourceTree = "<group>"; };
		04D181462A1EF5A3007989D8 /* ProfileView.swift */ = {isa = PBXFileReference; fileEncoding = 4; lastKnownFileType = sourcecode.swift; path = ProfileView.swift; sourceTree = "<group>"; };
		04D181472A1EF5A3007989D8 /* UserController.swift */ = {isa = PBXFileReference; fileEncoding = 4; lastKnownFileType = sourcecode.swift; path = UserController.swift; sourceTree = "<group>"; };
		04D1814B2A1EF5AE007989D8 /* OnboardingView1.swift */ = {isa = PBXFileReference; fileEncoding = 4; lastKnownFileType = sourcecode.swift; path = OnboardingView1.swift; sourceTree = "<group>"; };
		04D1814C2A1EF5AE007989D8 /* OnboardingView3.swift */ = {isa = PBXFileReference; fileEncoding = 4; lastKnownFileType = sourcecode.swift; path = OnboardingView3.swift; sourceTree = "<group>"; };
		04D1814D2A1EF5AE007989D8 /* OnboardingView2.swift */ = {isa = PBXFileReference; fileEncoding = 4; lastKnownFileType = sourcecode.swift; path = OnboardingView2.swift; sourceTree = "<group>"; };
		04F09E7B2A20E09400E8F263 /* ReviewRow.swift */ = {isa = PBXFileReference; lastKnownFileType = sourcecode.swift; path = ReviewRow.swift; sourceTree = "<group>"; };
		04F09E7D2A20E1D700E8F263 /* ShowtimeRow.swift */ = {isa = PBXFileReference; lastKnownFileType = sourcecode.swift; path = ShowtimeRow.swift; sourceTree = "<group>"; };
		04F09E7F2A20EF7400E8F263 /* MovieViewModel.swift */ = {isa = PBXFileReference; lastKnownFileType = sourcecode.swift; path = MovieViewModel.swift; sourceTree = "<group>"; };
		04F09E822A2103E400E8F263 /* MovieDetailViewModel.swift */ = {isa = PBXFileReference; lastKnownFileType = sourcecode.swift; path = MovieDetailViewModel.swift; sourceTree = "<group>"; };
		04F9A3102A23515E005EB938 /* CinemaMovieViewModel.swift */ = {isa = PBXFileReference; lastKnownFileType = sourcecode.swift; path = CinemaMovieViewModel.swift; sourceTree = "<group>"; };
		04F9A3122A235E36005EB938 /* BuyTicketView.swift */ = {isa = PBXFileReference; lastKnownFileType = sourcecode.swift; path = BuyTicketView.swift; sourceTree = "<group>"; };
		04F9A3142A23666A005EB938 /* TicketConfirmationView.swift */ = {isa = PBXFileReference; lastKnownFileType = sourcecode.swift; path = TicketConfirmationView.swift; sourceTree = "<group>"; };
		04F9A3162A24705E005EB938 /* CinemaList.swift */ = {isa = PBXFileReference; lastKnownFileType = sourcecode.swift; path = CinemaList.swift; sourceTree = "<group>"; };
		04F9A3182A247097005EB938 /* CinemaRow.swift */ = {isa = PBXFileReference; lastKnownFileType = sourcecode.swift; path = CinemaRow.swift; sourceTree = "<group>"; };
		BFAEC20D2A23C2A900C6FA18 /* AccountInformation.swift */ = {isa = PBXFileReference; lastKnownFileType = sourcecode.swift; path = AccountInformation.swift; sourceTree = "<group>"; };
		BFAEC20F2A23C2B800C6FA18 /* Transaction History.swift */ = {isa = PBXFileReference; lastKnownFileType = sourcecode.swift; path = "Transaction History.swift"; sourceTree = "<group>"; };
		BFAEC2112A23C2C700C6FA18 /* Reviews History.swift */ = {isa = PBXFileReference; lastKnownFileType = sourcecode.swift; path = "Reviews History.swift"; sourceTree = "<group>"; };
		BFAEC2172A23C8CA00C6FA18 /* userData.json */ = {isa = PBXFileReference; fileEncoding = 4; lastKnownFileType = text.json; path = userData.json; sourceTree = "<group>"; };
		BFAEC2192A23C94200C6FA18 /* User.swift */ = {isa = PBXFileReference; lastKnownFileType = sourcecode.swift; path = User.swift; sourceTree = "<group>"; };
		BFAEC2212A29045500C6FA18 /* TicketViewModel.swift */ = {isa = PBXFileReference; lastKnownFileType = sourcecode.swift; path = TicketViewModel.swift; sourceTree = "<group>"; };
/* End PBXFileReference section */

/* Begin PBXFrameworksBuildPhase section */
		040B21A52A2363BF00C3B1B2 /* Frameworks */ = {
			isa = PBXFrameworksBuildPhase;
			buildActionMask = 2147483647;
			files = (
			);
			runOnlyForDeploymentPostprocessing = 0;
		};
		04D181132A1EF43C007989D8 /* Frameworks */ = {
			isa = PBXFrameworksBuildPhase;
			buildActionMask = 2147483647;
			files = (
			);
			runOnlyForDeploymentPostprocessing = 0;
		};
/* End PBXFrameworksBuildPhase section */

/* Begin PBXGroup section */
		040B21A92A2363BF00C3B1B2 /* MacMovieHub3 */ = {
			isa = PBXGroup;
			children = (
				040B21AC2A2363BF00C3B1B2 /* ContentView.swift */,
				040B21AE2A2363C000C3B1B2 /* Assets.xcassets */,
				040B21B32A2363C000C3B1B2 /* MacMovieHub3.entitlements */,
				040B21B02A2363C000C3B1B2 /* Preview Content */,
				042056112A2A1D4D00FF606F /* MovieDetail.swift */,
				042056242A2A41BF00FF606F /* CinemaDetail.swift */,
			);
			path = MacMovieHub3;
			sourceTree = "<group>";
		};
		040B21B02A2363C000C3B1B2 /* Preview Content */ = {
			isa = PBXGroup;
			children = (
				040B21B12A2363C000C3B1B2 /* Preview Assets.xcassets */,
			);
			path = "Preview Content";
			sourceTree = "<group>";
		};
		04153A412A23132700708974 /* Database */ = {
			isa = PBXGroup;
			children = (
				04D181242A1EF43D007989D8 /* MovieHub3.xcdatamodeld */,
			);
			path = Database;
			sourceTree = "<group>";
		};
		04D1810D2A1EF43C007989D8 = {
			isa = PBXGroup;
			children = (
				04D181182A1EF43C007989D8 /* MovieHub3 */,
				040B21A92A2363BF00C3B1B2 /* MacMovieHub3 */,
				04D181172A1EF43C007989D8 /* Products */,
			);
			sourceTree = "<group>";
		};
		04D181172A1EF43C007989D8 /* Products */ = {
			isa = PBXGroup;
			children = (
				04D181162A1EF43C007989D8 /* MovieHub3.app */,
				040B21A82A2363BF00C3B1B2 /* MacMovieHub3.app */,
			);
			name = Products;
			sourceTree = "<group>";
		};
		04D181182A1EF43C007989D8 /* MovieHub3 */ = {
			isa = PBXGroup;
			children = (
				04153A412A23132700708974 /* Database */,
				04D1812E2A1EF4A3007989D8 /* Views */,
				04D1812D2A1EF49A007989D8 /* Model */,
				04D1812C2A1EF485007989D8 /* Resources */,
				04D181192A1EF43C007989D8 /* MovieHub3App.swift */,
				04D1811B2A1EF43C007989D8 /* ContentView.swift */,
				04D1811D2A1EF43D007989D8 /* Assets.xcassets */,
				04D1811F2A1EF43D007989D8 /* Preview Content */,
			);
			path = MovieHub3;
			sourceTree = "<group>";
		};
		04D1811F2A1EF43D007989D8 /* Preview Content */ = {
			isa = PBXGroup;
			children = (
				04D181202A1EF43D007989D8 /* Preview Assets.xcassets */,
			);
			path = "Preview Content";
			sourceTree = "<group>";
		};
		04D1812C2A1EF485007989D8 /* Resources */ = {
			isa = PBXGroup;
			children = (
				BFAEC2172A23C8CA00C6FA18 /* userData.json */,
				04D181392A1EF563007989D8 /* movieData.json */,
				0418F4992A21ADB9006D5B50 /* theaterData.json */,
				0418F49B2A21AFD7006D5B50 /* theaterMovieData.json */,
				0418F49D2A21BEA2006D5B50 /* timeData.json */,
			);
			path = Resources;
			sourceTree = "<group>";
		};
		04D1812D2A1EF49A007989D8 /* Model */ = {
			isa = PBXGroup;
			children = (
				04D181362A1EF543007989D8 /* ModelData.swift */,
				04D181352A1EF543007989D8 /* Movie.swift */,
				0418F4A12A21D06F006D5B50 /* Theater.swift */,
				0418F4A32A21D11C006D5B50 /* TheaterMovie.swift */,
				0418F4A52A21D176006D5B50 /* MovieTime.swift */,
				BFAEC2192A23C94200C6FA18 /* User.swift */,
			);
			path = Model;
			sourceTree = "<group>";
		};
		04D1812E2A1EF4A3007989D8 /* Views */ = {
			isa = PBXGroup;
			children = (
				04D181322A1EF4D9007989D8 /* Movie */,
				04D181312A1EF4CF007989D8 /* Cinema */,
				04D181302A1EF4BF007989D8 /* Profile */,
				04D1812F2A1EF4B3007989D8 /* Onboarding */,
			);
			path = Views;
			sourceTree = "<group>";
		};
		04D1812F2A1EF4B3007989D8 /* Onboarding */ = {
			isa = PBXGroup;
			children = (
				04D1814B2A1EF5AE007989D8 /* OnboardingView1.swift */,
				04D1814D2A1EF5AE007989D8 /* OnboardingView2.swift */,
				04D1814C2A1EF5AE007989D8 /* OnboardingView3.swift */,
			);
			path = Onboarding;
			sourceTree = "<group>";
		};
		04D181302A1EF4BF007989D8 /* Profile */ = {
			isa = PBXGroup;
			children = (
				04D181452A1EF5A3007989D8 /* MenuListView.swift */,
				04D181462A1EF5A3007989D8 /* ProfileView.swift */,
				04D181472A1EF5A3007989D8 /* UserController.swift */,
				BFAEC20D2A23C2A900C6FA18 /* AccountInformation.swift */,
				BFAEC20F2A23C2B800C6FA18 /* Transaction History.swift */,
				BFAEC2112A23C2C700C6FA18 /* Reviews History.swift */,
			);
			path = Profile;
			sourceTree = "<group>";
		};
		04D181312A1EF4CF007989D8 /* Cinema */ = {
			isa = PBXGroup;
			children = (
				04D181422A1EF588007989D8 /* CinemaDetail.swift */,
				04D181412A1EF588007989D8 /* MapView.swift */,
				0400A3222A233504000A6645 /* CinemaMovieCard.swift */,
				0400A3242A233546000A6645 /* CinemaViewModel.swift */,
				04F9A3102A23515E005EB938 /* CinemaMovieViewModel.swift */,
				04F9A3122A235E36005EB938 /* BuyTicketView.swift */,
				04F9A3142A23666A005EB938 /* TicketConfirmationView.swift */,
				04F9A3162A24705E005EB938 /* CinemaList.swift */,
				04F9A3182A247097005EB938 /* CinemaRow.swift */,
				043ED2DC2A26F4E200A5A114 /* CinemaListViewModel.swift */,
				BFAEC2212A29045500C6FA18 /* TicketViewModel.swift */,
			);
			path = Cinema;
			sourceTree = "<group>";
		};
		04D181322A1EF4D9007989D8 /* Movie */ = {
			isa = PBXGroup;
			children = (
				04F09E7F2A20EF7400E8F263 /* MovieViewModel.swift */,
				04D1813C2A1EF579007989D8 /* MovieCard.swift */,
				04D1813B2A1EF579007989D8 /* MovieList.swift */,
				04F09E812A20F2A400E8F263 /* Detail */,
			);
			path = Movie;
			sourceTree = "<group>";
		};
		04F09E812A20F2A400E8F263 /* Detail */ = {
			isa = PBXGroup;
			children = (
				04F09E822A2103E400E8F263 /* MovieDetailViewModel.swift */,
				04D1813D2A1EF579007989D8 /* MovieDetail.swift */,
				04BDD1332A2045EA00C16D65 /* Detail.swift */,
				04153A3F2A22F87B00708974 /* ReviewCreate.swift */,
				04F09E7B2A20E09400E8F263 /* ReviewRow.swift */,
				04BDD1352A2045F400C16D65 /* Reviews.swift */,
				04F09E7D2A20E1D700E8F263 /* ShowtimeRow.swift */,
				04BDD1372A20460400C16D65 /* Showtime.swift */,
			);
			path = Detail;
			sourceTree = "<group>";
		};
/* End PBXGroup section */

/* Begin PBXNativeTarget section */
		040B21A72A2363BF00C3B1B2 /* MacMovieHub3 */ = {
			isa = PBXNativeTarget;
			buildConfigurationList = 040B21B62A2363C000C3B1B2 /* Build configuration list for PBXNativeTarget "MacMovieHub3" */;
			buildPhases = (
				040B21A42A2363BF00C3B1B2 /* Sources */,
				040B21A52A2363BF00C3B1B2 /* Frameworks */,
				040B21A62A2363BF00C3B1B2 /* Resources */,
			);
			buildRules = (
			);
			dependencies = (
			);
			name = MacMovieHub3;
			productName = MacMovieHub3;
			productReference = 040B21A82A2363BF00C3B1B2 /* MacMovieHub3.app */;
			productType = "com.apple.product-type.application";
		};
		04D181152A1EF43C007989D8 /* MovieHub3 */ = {
			isa = PBXNativeTarget;
			buildConfigurationList = 04D181292A1EF43D007989D8 /* Build configuration list for PBXNativeTarget "MovieHub3" */;
			buildPhases = (
				04D181122A1EF43C007989D8 /* Sources */,
				04D181132A1EF43C007989D8 /* Frameworks */,
				04D181142A1EF43C007989D8 /* Resources */,
			);
			buildRules = (
			);
			dependencies = (
			);
			name = MovieHub3;
			productName = MovieHub3;
			productReference = 04D181162A1EF43C007989D8 /* MovieHub3.app */;
			productType = "com.apple.product-type.application";
		};
/* End PBXNativeTarget section */

/* Begin PBXProject section */
		04D1810E2A1EF43C007989D8 /* Project object */ = {
			isa = PBXProject;
			attributes = {
				BuildIndependentTargetsInParallel = 1;
				LastSwiftUpdateCheck = 1430;
				LastUpgradeCheck = 1430;
				TargetAttributes = {
					040B21A72A2363BF00C3B1B2 = {
						CreatedOnToolsVersion = 14.3;
					};
					04D181152A1EF43C007989D8 = {
						CreatedOnToolsVersion = 14.3;
					};
				};
			};
			buildConfigurationList = 04D181112A1EF43C007989D8 /* Build configuration list for PBXProject "MovieHub3" */;
			compatibilityVersion = "Xcode 14.0";
			developmentRegion = en;
			hasScannedForEncodings = 0;
			knownRegions = (
				en,
				Base,
			);
			mainGroup = 04D1810D2A1EF43C007989D8;
			productRefGroup = 04D181172A1EF43C007989D8 /* Products */;
			projectDirPath = "";
			projectRoot = "";
			targets = (
				04D181152A1EF43C007989D8 /* MovieHub3 */,
				040B21A72A2363BF00C3B1B2 /* MacMovieHub3 */,
			);
		};
/* End PBXProject section */

/* Begin PBXResourcesBuildPhase section */
		040B21A62A2363BF00C3B1B2 /* Resources */ = {
			isa = PBXResourcesBuildPhase;
			buildActionMask = 2147483647;
			files = (
				040B21BB2A236A0700C3B1B2 /* timeData.json in Resources */,
				040B21BA2A236A0700C3B1B2 /* theaterMovieData.json in Resources */,
				040B21B22A2363C000C3B1B2 /* Preview Assets.xcassets in Resources */,
				040B21BC2A236A0700C3B1B2 /* theaterData.json in Resources */,
				040B21BF2A236A0700C3B1B2 /* Assets.xcassets in Resources */,
				040B21AF2A2363C000C3B1B2 /* Assets.xcassets in Resources */,
				042056232A2A355B00FF606F /* userData.json in Resources */,
				040B21B92A236A0700C3B1B2 /* movieData.json in Resources */,
			);
			runOnlyForDeploymentPostprocessing = 0;
		};
		04D181142A1EF43C007989D8 /* Resources */ = {
			isa = PBXResourcesBuildPhase;
			buildActionMask = 2147483647;
			files = (
				04D181212A1EF43D007989D8 /* Preview Assets.xcassets in Resources */,
				0418F49C2A21AFD7006D5B50 /* theaterMovieData.json in Resources */,
				04D1811E2A1EF43D007989D8 /* Assets.xcassets in Resources */,
				04D1813A2A1EF563007989D8 /* movieData.json in Resources */,
				0418F49A2A21ADB9006D5B50 /* theaterData.json in Resources */,
				0418F49E2A21BEA2006D5B50 /* timeData.json in Resources */,
				BFAEC2182A23C8CA00C6FA18 /* userData.json in Resources */,
			);
			runOnlyForDeploymentPostprocessing = 0;
		};
/* End PBXResourcesBuildPhase section */

/* Begin PBXSourcesBuildPhase section */
		040B21A42A2363BF00C3B1B2 /* Sources */ = {
			isa = PBXSourcesBuildPhase;
			buildActionMask = 2147483647;
			files = (
				040B21C42A2374F000C3B1B2 /* MovieHub3.xcdatamodeld in Sources */,
				0420561A2A2A2F8900FF606F /* CinemaListViewModel.swift in Sources */,
				042056162A2A283000FF606F /* Reviews.swift in Sources */,
				040B21B72A236A0700C3B1B2 /* Movie.swift in Sources */,
				040B21BD2A236A0700C3B1B2 /* ModelData.swift in Sources */,
				042056132A2A26C900FF606F /* Detail.swift in Sources */,
				040B21B82A236A0700C3B1B2 /* MovieTime.swift in Sources */,
				0420560F2A2A1D0A00FF606F /* UserController.swift in Sources */,
				BF8DDC582A2B13D0008547BA /* Transaction History.swift in Sources */,
				0420561B2A2A2F9400FF606F /* CinemaRow.swift in Sources */,
				BF8DDC562A2B13C7008547BA /* MenuListView.swift in Sources */,
				040B21C22A236A2C00C3B1B2 /* MovieViewModel.swift in Sources */,
				BF8DDC5A2A2B1437008547BA /* Reviews History.swift in Sources */,
				040B21C92A2398A500C3B1B2 /* MovieList.swift in Sources */,
				042056192A2A2F7600FF606F /* CinemaList.swift in Sources */,
				042056212A2A343E00FF606F /* CinemaMovieCard.swift in Sources */,
				042056252A2A41BF00FF606F /* CinemaDetail.swift in Sources */,
				040B21C12A236A0700C3B1B2 /* Theater.swift in Sources */,
				042056182A2A283800FF606F /* ReviewRow.swift in Sources */,
				042056102A2A1D3600FF606F /* User.swift in Sources */,
				040B21BE2A236A0700C3B1B2 /* TheaterMovie.swift in Sources */,
				0420561F2A2A343100FF606F /* BuyTicketView.swift in Sources */,
				042056142A2A27C600FF606F /* Showtime.swift in Sources */,
				042056152A2A27CA00FF606F /* ShowtimeRow.swift in Sources */,
				042056172A2A283500FF606F /* ReviewCreate.swift in Sources */,
				040B21CA2A2398A500C3B1B2 /* MovieCard.swift in Sources */,
				0420561E2A2A342D00FF606F /* MapView.swift in Sources */,
				040B21C02A236A0700C3B1B2 /* MovieHub3App.swift in Sources */,
				042056202A2A343B00FF606F /* CinemaMovieViewModel.swift in Sources */,
				0420560E2A2A1D0600FF606F /* TicketViewModel.swift in Sources */,
				040B21AD2A2363BF00C3B1B2 /* ContentView.swift in Sources */,
				BF8DDC572A2B13CD008547BA /* AccountInformation.swift in Sources */,
				040B21C32A236A2C00C3B1B2 /* MovieDetailViewModel.swift in Sources */,
				042056122A2A1D4D00FF606F /* MovieDetail.swift in Sources */,
				0420561C2A2A2FB400FF606F /* CinemaViewModel.swift in Sources */,
				BF8DDC552A2B13B9008547BA /* ProfileView.swift in Sources */,
				042056222A2A344900FF606F /* TicketConfirmationView.swift in Sources */,
			);
			runOnlyForDeploymentPostprocessing = 0;
		};
		04D181122A1EF43C007989D8 /* Sources */ = {
			isa = PBXSourcesBuildPhase;
			buildActionMask = 2147483647;
			files = (
				04D181262A1EF43D007989D8 /* MovieHub3.xcdatamodeld in Sources */,
				0400A3252A233546000A6645 /* CinemaViewModel.swift in Sources */,
				0400A3232A233504000A6645 /* CinemaMovieCard.swift in Sources */,
				04BDD1362A2045F400C16D65 /* Reviews.swift in Sources */,
				04D1814F2A1EF5AE007989D8 /* OnboardingView3.swift in Sources */,
				04BDD1342A2045EA00C16D65 /* Detail.swift in Sources */,
				04D181492A1EF5A3007989D8 /* ProfileView.swift in Sources */,
				04BDD1382A20460400C16D65 /* Showtime.swift in Sources */,
				04F9A3132A235E36005EB938 /* BuyTicketView.swift in Sources */,
				04D181442A1EF588007989D8 /* CinemaDetail.swift in Sources */,
				04D1814E2A1EF5AE007989D8 /* OnboardingView1.swift in Sources */,
				04D1814A2A1EF5A3007989D8 /* UserController.swift in Sources */,
				0418F4A62A21D176006D5B50 /* MovieTime.swift in Sources */,
				BFAEC2102A23C2B800C6FA18 /* Transaction History.swift in Sources */,
				BFAEC21A2A23C94200C6FA18 /* User.swift in Sources */,
				04F09E7E2A20E1D700E8F263 /* ShowtimeRow.swift in Sources */,
				BFAEC2222A29045500C6FA18 /* TicketViewModel.swift in Sources */,
				04D1811C2A1EF43C007989D8 /* ContentView.swift in Sources */,
				04D181402A1EF579007989D8 /* MovieDetail.swift in Sources */,
				04F09E7C2A20E09400E8F263 /* ReviewRow.swift in Sources */,
				0418F4A42A21D11C006D5B50 /* TheaterMovie.swift in Sources */,
				04D1811A2A1EF43C007989D8 /* MovieHub3App.swift in Sources */,
				04D181502A1EF5AE007989D8 /* OnboardingView2.swift in Sources */,
				04D181482A1EF5A3007989D8 /* MenuListView.swift in Sources */,
				04F9A3192A247097005EB938 /* CinemaRow.swift in Sources */,
				04D181482A1EF5A3007989D8 /* MenuListView.swift in Sources */,
				04D1813F2A1EF579007989D8 /* MovieCard.swift in Sources */,
				BFAEC2122A23C2C700C6FA18 /* Reviews History.swift in Sources */,
				04D181372A1EF543007989D8 /* Movie.swift in Sources */,
				04153A402A22F87B00708974 /* ReviewCreate.swift in Sources */,
				04D181432A1EF588007989D8 /* MapView.swift in Sources */,
				04F9A3112A23515F005EB938 /* CinemaMovieViewModel.swift in Sources */,
				04F09E832A2103E400E8F263 /* MovieDetailViewModel.swift in Sources */,
				043ED2DD2A26F4E200A5A114 /* CinemaListViewModel.swift in Sources */,
				04F09E802A20EF7400E8F263 /* MovieViewModel.swift in Sources */,
				04F9A3172A24705E005EB938 /* CinemaList.swift in Sources */,
				0418F4A22A21D06F006D5B50 /* Theater.swift in Sources */,
				04D181382A1EF543007989D8 /* ModelData.swift in Sources */,
				04D1813E2A1EF579007989D8 /* MovieList.swift in Sources */,
				BFAEC20E2A23C2A900C6FA18 /* AccountInformation.swift in Sources */,
				04F9A3152A23666A005EB938 /* TicketConfirmationView.swift in Sources */,
			);
			runOnlyForDeploymentPostprocessing = 0;
		};
/* End PBXSourcesBuildPhase section */

/* Begin XCBuildConfiguration section */
		040B21B42A2363C000C3B1B2 /* Debug */ = {
			isa = XCBuildConfiguration;
			buildSettings = {
				ASSETCATALOG_COMPILER_APPICON_NAME = AppIcon;
				ASSETCATALOG_COMPILER_GLOBAL_ACCENT_COLOR_NAME = AccentColor;
				CODE_SIGN_ENTITLEMENTS = MacMovieHub3/MacMovieHub3.entitlements;
				CODE_SIGN_STYLE = Automatic;
				COMBINE_HIDPI_IMAGES = YES;
				CURRENT_PROJECT_VERSION = 1;
				DEVELOPMENT_ASSET_PATHS = "\"MacMovieHub3/Preview Content\"";
				DEVELOPMENT_TEAM = ZRV56NLNS6;
				ENABLE_HARDENED_RUNTIME = YES;
				ENABLE_PREVIEWS = YES;
				GENERATE_INFOPLIST_FILE = YES;
				INFOPLIST_KEY_NSHumanReadableCopyright = "";
				LD_RUNPATH_SEARCH_PATHS = (
					"$(inherited)",
					"@executable_path/../Frameworks",
				);
				MACOSX_DEPLOYMENT_TARGET = 13.2;
				MARKETING_VERSION = 1.0;
				PRODUCT_BUNDLE_IDENTIFIER = nicholas.MacMovieHub3;
				PRODUCT_NAME = "$(TARGET_NAME)";
				SDKROOT = macosx;
				SWIFT_EMIT_LOC_STRINGS = YES;
				SWIFT_VERSION = 5.0;
			};
			name = Debug;
		};
		040B21B52A2363C000C3B1B2 /* Release */ = {
			isa = XCBuildConfiguration;
			buildSettings = {
				ASSETCATALOG_COMPILER_APPICON_NAME = AppIcon;
				ASSETCATALOG_COMPILER_GLOBAL_ACCENT_COLOR_NAME = AccentColor;
				CODE_SIGN_ENTITLEMENTS = MacMovieHub3/MacMovieHub3.entitlements;
				CODE_SIGN_STYLE = Automatic;
				COMBINE_HIDPI_IMAGES = YES;
				CURRENT_PROJECT_VERSION = 1;
				DEVELOPMENT_ASSET_PATHS = "\"MacMovieHub3/Preview Content\"";
				DEVELOPMENT_TEAM = ZRV56NLNS6;
				ENABLE_HARDENED_RUNTIME = YES;
				ENABLE_PREVIEWS = YES;
				GENERATE_INFOPLIST_FILE = YES;
				INFOPLIST_KEY_NSHumanReadableCopyright = "";
				LD_RUNPATH_SEARCH_PATHS = (
					"$(inherited)",
					"@executable_path/../Frameworks",
				);
				MACOSX_DEPLOYMENT_TARGET = 13.2;
				MARKETING_VERSION = 1.0;
				PRODUCT_BUNDLE_IDENTIFIER = nicholas.MacMovieHub3;
				PRODUCT_NAME = "$(TARGET_NAME)";
				SDKROOT = macosx;
				SWIFT_EMIT_LOC_STRINGS = YES;
				SWIFT_VERSION = 5.0;
			};
			name = Release;
		};
		04D181272A1EF43D007989D8 /* Debug */ = {
			isa = XCBuildConfiguration;
			buildSettings = {
				ALWAYS_SEARCH_USER_PATHS = NO;
				CLANG_ANALYZER_NONNULL = YES;
				CLANG_ANALYZER_NUMBER_OBJECT_CONVERSION = YES_AGGRESSIVE;
				CLANG_CXX_LANGUAGE_STANDARD = "gnu++20";
				CLANG_ENABLE_MODULES = YES;
				CLANG_ENABLE_OBJC_ARC = YES;
				CLANG_ENABLE_OBJC_WEAK = YES;
				CLANG_WARN_BLOCK_CAPTURE_AUTORELEASING = YES;
				CLANG_WARN_BOOL_CONVERSION = YES;
				CLANG_WARN_COMMA = YES;
				CLANG_WARN_CONSTANT_CONVERSION = YES;
				CLANG_WARN_DEPRECATED_OBJC_IMPLEMENTATIONS = YES;
				CLANG_WARN_DIRECT_OBJC_ISA_USAGE = YES_ERROR;
				CLANG_WARN_DOCUMENTATION_COMMENTS = YES;
				CLANG_WARN_EMPTY_BODY = YES;
				CLANG_WARN_ENUM_CONVERSION = YES;
				CLANG_WARN_INFINITE_RECURSION = YES;
				CLANG_WARN_INT_CONVERSION = YES;
				CLANG_WARN_NON_LITERAL_NULL_CONVERSION = YES;
				CLANG_WARN_OBJC_IMPLICIT_RETAIN_SELF = YES;
				CLANG_WARN_OBJC_LITERAL_CONVERSION = YES;
				CLANG_WARN_OBJC_ROOT_CLASS = YES_ERROR;
				CLANG_WARN_QUOTED_INCLUDE_IN_FRAMEWORK_HEADER = YES;
				CLANG_WARN_RANGE_LOOP_ANALYSIS = YES;
				CLANG_WARN_STRICT_PROTOTYPES = YES;
				CLANG_WARN_SUSPICIOUS_MOVE = YES;
				CLANG_WARN_UNGUARDED_AVAILABILITY = YES_AGGRESSIVE;
				CLANG_WARN_UNREACHABLE_CODE = YES;
				CLANG_WARN__DUPLICATE_METHOD_MATCH = YES;
				COPY_PHASE_STRIP = NO;
				DEBUG_INFORMATION_FORMAT = dwarf;
				ENABLE_STRICT_OBJC_MSGSEND = YES;
				ENABLE_TESTABILITY = YES;
				GCC_C_LANGUAGE_STANDARD = gnu11;
				GCC_DYNAMIC_NO_PIC = NO;
				GCC_NO_COMMON_BLOCKS = YES;
				GCC_OPTIMIZATION_LEVEL = 0;
				GCC_PREPROCESSOR_DEFINITIONS = (
					"DEBUG=1",
					"$(inherited)",
				);
				GCC_WARN_64_TO_32_BIT_CONVERSION = YES;
				GCC_WARN_ABOUT_RETURN_TYPE = YES_ERROR;
				GCC_WARN_UNDECLARED_SELECTOR = YES;
				GCC_WARN_UNINITIALIZED_AUTOS = YES_AGGRESSIVE;
				GCC_WARN_UNUSED_FUNCTION = YES;
				GCC_WARN_UNUSED_VARIABLE = YES;
				IPHONEOS_DEPLOYMENT_TARGET = 16.4;
				MTL_ENABLE_DEBUG_INFO = INCLUDE_SOURCE;
				MTL_FAST_MATH = YES;
				ONLY_ACTIVE_ARCH = YES;
				SDKROOT = iphoneos;
				SWIFT_ACTIVE_COMPILATION_CONDITIONS = DEBUG;
				SWIFT_OPTIMIZATION_LEVEL = "-Onone";
			};
			name = Debug;
		};
		04D181282A1EF43D007989D8 /* Release */ = {
			isa = XCBuildConfiguration;
			buildSettings = {
				ALWAYS_SEARCH_USER_PATHS = NO;
				CLANG_ANALYZER_NONNULL = YES;
				CLANG_ANALYZER_NUMBER_OBJECT_CONVERSION = YES_AGGRESSIVE;
				CLANG_CXX_LANGUAGE_STANDARD = "gnu++20";
				CLANG_ENABLE_MODULES = YES;
				CLANG_ENABLE_OBJC_ARC = YES;
				CLANG_ENABLE_OBJC_WEAK = YES;
				CLANG_WARN_BLOCK_CAPTURE_AUTORELEASING = YES;
				CLANG_WARN_BOOL_CONVERSION = YES;
				CLANG_WARN_COMMA = YES;
				CLANG_WARN_CONSTANT_CONVERSION = YES;
				CLANG_WARN_DEPRECATED_OBJC_IMPLEMENTATIONS = YES;
				CLANG_WARN_DIRECT_OBJC_ISA_USAGE = YES_ERROR;
				CLANG_WARN_DOCUMENTATION_COMMENTS = YES;
				CLANG_WARN_EMPTY_BODY = YES;
				CLANG_WARN_ENUM_CONVERSION = YES;
				CLANG_WARN_INFINITE_RECURSION = YES;
				CLANG_WARN_INT_CONVERSION = YES;
				CLANG_WARN_NON_LITERAL_NULL_CONVERSION = YES;
				CLANG_WARN_OBJC_IMPLICIT_RETAIN_SELF = YES;
				CLANG_WARN_OBJC_LITERAL_CONVERSION = YES;
				CLANG_WARN_OBJC_ROOT_CLASS = YES_ERROR;
				CLANG_WARN_QUOTED_INCLUDE_IN_FRAMEWORK_HEADER = YES;
				CLANG_WARN_RANGE_LOOP_ANALYSIS = YES;
				CLANG_WARN_STRICT_PROTOTYPES = YES;
				CLANG_WARN_SUSPICIOUS_MOVE = YES;
				CLANG_WARN_UNGUARDED_AVAILABILITY = YES_AGGRESSIVE;
				CLANG_WARN_UNREACHABLE_CODE = YES;
				CLANG_WARN__DUPLICATE_METHOD_MATCH = YES;
				COPY_PHASE_STRIP = NO;
				DEBUG_INFORMATION_FORMAT = "dwarf-with-dsym";
				ENABLE_NS_ASSERTIONS = NO;
				ENABLE_STRICT_OBJC_MSGSEND = YES;
				GCC_C_LANGUAGE_STANDARD = gnu11;
				GCC_NO_COMMON_BLOCKS = YES;
				GCC_WARN_64_TO_32_BIT_CONVERSION = YES;
				GCC_WARN_ABOUT_RETURN_TYPE = YES_ERROR;
				GCC_WARN_UNDECLARED_SELECTOR = YES;
				GCC_WARN_UNINITIALIZED_AUTOS = YES_AGGRESSIVE;
				GCC_WARN_UNUSED_FUNCTION = YES;
				GCC_WARN_UNUSED_VARIABLE = YES;
				IPHONEOS_DEPLOYMENT_TARGET = 16.4;
				MTL_ENABLE_DEBUG_INFO = NO;
				MTL_FAST_MATH = YES;
				SDKROOT = iphoneos;
				SWIFT_COMPILATION_MODE = wholemodule;
				SWIFT_OPTIMIZATION_LEVEL = "-O";
				VALIDATE_PRODUCT = YES;
			};
			name = Release;
		};
		04D1812A2A1EF43D007989D8 /* Debug */ = {
			isa = XCBuildConfiguration;
			buildSettings = {
				ASSETCATALOG_COMPILER_APPICON_NAME = AppIcon;
				ASSETCATALOG_COMPILER_GLOBAL_ACCENT_COLOR_NAME = AccentColor;
				CODE_SIGN_STYLE = Automatic;
				CURRENT_PROJECT_VERSION = 1;
				DEVELOPMENT_ASSET_PATHS = "\"MovieHub3/Preview Content\"";
				DEVELOPMENT_TEAM = M853XY9U3D;
				ENABLE_PREVIEWS = YES;
				GENERATE_INFOPLIST_FILE = YES;
				INFOPLIST_KEY_UIApplicationSceneManifest_Generation = YES;
				INFOPLIST_KEY_UIApplicationSupportsIndirectInputEvents = YES;
				INFOPLIST_KEY_UILaunchScreen_Generation = YES;
				INFOPLIST_KEY_UISupportedInterfaceOrientations_iPad = "UIInterfaceOrientationPortrait UIInterfaceOrientationPortraitUpsideDown UIInterfaceOrientationLandscapeLeft UIInterfaceOrientationLandscapeRight";
				INFOPLIST_KEY_UISupportedInterfaceOrientations_iPhone = "UIInterfaceOrientationPortrait UIInterfaceOrientationLandscapeLeft UIInterfaceOrientationLandscapeRight";
				LD_RUNPATH_SEARCH_PATHS = (
					"$(inherited)",
					"@executable_path/Frameworks",
				);
				MARKETING_VERSION = 1.0;
				PRODUCT_BUNDLE_IDENTIFIER = nicholas.MovieHub3;
				PRODUCT_NAME = "$(TARGET_NAME)";
				SWIFT_EMIT_LOC_STRINGS = YES;
				SWIFT_VERSION = 5.0;
				TARGETED_DEVICE_FAMILY = "1,2";
			};
			name = Debug;
		};
		04D1812B2A1EF43D007989D8 /* Release */ = {
			isa = XCBuildConfiguration;
			buildSettings = {
				ASSETCATALOG_COMPILER_APPICON_NAME = AppIcon;
				ASSETCATALOG_COMPILER_GLOBAL_ACCENT_COLOR_NAME = AccentColor;
				CODE_SIGN_STYLE = Automatic;
				CURRENT_PROJECT_VERSION = 1;
				DEVELOPMENT_ASSET_PATHS = "\"MovieHub3/Preview Content\"";
				DEVELOPMENT_TEAM = M853XY9U3D;
				ENABLE_PREVIEWS = YES;
				GENERATE_INFOPLIST_FILE = YES;
				INFOPLIST_KEY_UIApplicationSceneManifest_Generation = YES;
				INFOPLIST_KEY_UIApplicationSupportsIndirectInputEvents = YES;
				INFOPLIST_KEY_UILaunchScreen_Generation = YES;
				INFOPLIST_KEY_UISupportedInterfaceOrientations_iPad = "UIInterfaceOrientationPortrait UIInterfaceOrientationPortraitUpsideDown UIInterfaceOrientationLandscapeLeft UIInterfaceOrientationLandscapeRight";
				INFOPLIST_KEY_UISupportedInterfaceOrientations_iPhone = "UIInterfaceOrientationPortrait UIInterfaceOrientationLandscapeLeft UIInterfaceOrientationLandscapeRight";
				LD_RUNPATH_SEARCH_PATHS = (
					"$(inherited)",
					"@executable_path/Frameworks",
				);
				MARKETING_VERSION = 1.0;
				PRODUCT_BUNDLE_IDENTIFIER = nicholas.MovieHub3;
				PRODUCT_NAME = "$(TARGET_NAME)";
				SWIFT_EMIT_LOC_STRINGS = YES;
				SWIFT_VERSION = 5.0;
				TARGETED_DEVICE_FAMILY = "1,2";
			};
			name = Release;
		};
/* End XCBuildConfiguration section */

/* Begin XCConfigurationList section */
		040B21B62A2363C000C3B1B2 /* Build configuration list for PBXNativeTarget "MacMovieHub3" */ = {
			isa = XCConfigurationList;
			buildConfigurations = (
				040B21B42A2363C000C3B1B2 /* Debug */,
				040B21B52A2363C000C3B1B2 /* Release */,
			);
			defaultConfigurationIsVisible = 0;
			defaultConfigurationName = Release;
		};
		04D181112A1EF43C007989D8 /* Build configuration list for PBXProject "MovieHub3" */ = {
			isa = XCConfigurationList;
			buildConfigurations = (
				04D181272A1EF43D007989D8 /* Debug */,
				04D181282A1EF43D007989D8 /* Release */,
			);
			defaultConfigurationIsVisible = 0;
			defaultConfigurationName = Release;
		};
		04D181292A1EF43D007989D8 /* Build configuration list for PBXNativeTarget "MovieHub3" */ = {
			isa = XCConfigurationList;
			buildConfigurations = (
				04D1812A2A1EF43D007989D8 /* Debug */,
				04D1812B2A1EF43D007989D8 /* Release */,
			);
			defaultConfigurationIsVisible = 0;
			defaultConfigurationName = Release;
		};
/* End XCConfigurationList section */

/* Begin XCVersionGroup section */
		04D181242A1EF43D007989D8 /* MovieHub3.xcdatamodeld */ = {
			isa = XCVersionGroup;
			children = (
				04D181252A1EF43D007989D8 /* MovieHub3.xcdatamodel */,
			);
			currentVersion = 04D181252A1EF43D007989D8 /* MovieHub3.xcdatamodel */;
			path = MovieHub3.xcdatamodeld;
			sourceTree = "<group>";
			versionGroupType = wrapper.xcdatamodel;
		};
/* End XCVersionGroup section */
	};
	rootObject = 04D1810E2A1EF43C007989D8 /* Project object */;
}
